PODS:
  - WAAdImpl (3.6.5):
    - WASdkImpl (~> 3.6.5)
    - WASdkIntf (~> 3.6.5)
  - WAAfImpl (3.6.5):
    - WASdkImpl (~> 3.6.4)
    - WASdkIntf (~> 3.6.4)
  - WAApImpl (3.6.4):
    - WASdkImpl (~> 3.6.4)
    - WASdkIntf (~> 3.6.4)
  - WAApwImpl (3.6.4):
    - WASdkImpl (~> 3.6.4)
    - WASdkIntf (~> 3.6.4)
  - WACbImpl (3.6.5):
    - WASdkImpl (~> 3.6.4)
    - WASdkIntf (~> 3.6.4)
  - WAFbImpl (3.6.5):
    - WASdkImpl (~> 3.6.4)
    - WASdkIntf (~> 3.6.4)
  - WAInstagramImpl (3.6.4):
    - WASdkImpl (~> 3.6.4)
    - WASdkIntf (~> 3.6.4)
  - WAPushImpl (3.6.5):
    - WASdkImpl (~> 3.6.4)
    - WASdkIntf (~> 3.6.4)
  - WASdkImpl (3.6.5):
    - WASdkIntf (~> 3.6.5)
  - WASdkIntf (3.6.5)
  - WATwitterImpl (3.6.4):
    - WASdkImpl (~> 3.6.4)
    - WASdkIntf (~> 3.6.4)
  - WAVkImpl (3.6.4):
    - WASdkImpl (~> 3.6.4)
    - WASdkIntf (~> 3.6.4)
  - WAWebPayImpl (3.6.4):
    - WASdkImpl (~> 3.6.4)
    - WASdkIntf (~> 3.6.4)

DEPENDENCIES:
  - WAAdImpl (= 3.6.5)
  - WAAfImpl (= 3.6.5)
  - WAApImpl (= 3.6.4)
  - WAApwImpl (= 3.6.4)
  - WACbImpl (= 3.6.5)
  - WAFbImpl (= 3.6.5)
  - WAInstagramImpl (= 3.6.4)
  - WAPushImpl (= 3.6.5)
  - WASdkImpl (= 3.6.5)
  - WASdkIntf (= 3.6.5)
  - WATwitterImpl (= 3.6.4)
  - WAVkImpl (= 3.6.4)
  - WAWebPayImpl (= 3.6.4)

SPEC CHECKSUMS:
  WAAdImpl: d3b1dfc8d7c1f26dd640883fd9426895ee3489ad
  WAAfImpl: 8648dbbce7d2c4cc42f3d4e96fbf83b7097c5b92
  WAApImpl: 68546b9a43cd467b109de2da35be6b0fe27c3978
  WAApwImpl: ea1e96794b65646732c7fd66cf4fd20dc741ea9d
  WACbImpl: 2964671c9e312f10ddba38ad97bbc5dfd840a547
  WAFbImpl: 9a2d6d9b48e3515abc7fcb4edfd770c66f2d1cc7
  WAInstagramImpl: c0a83755bec3a92135c882c38e4ce9b4dfaaad39
  WAPushImpl: ca5aedfc1be8c75526b6faaa5286436a7139e38e
  WASdkImpl: f9f9ff59f55d9db61c36be982c60cf2de1ec9d85
  WASdkIntf: 3bee7e33ab8883f9f1341f4ae8b157130f14497b
  WATwitterImpl: 258526e7b80df2a933c0107cbd5a2d8ff49ab999
  WAVkImpl: 2621849281e68c05e46273bd45db3be4cd7a3f9c
  WAWebPayImpl: 9348ecba9d4b8e2847f750cf0ba065fb5f112555

PODFILE CHECKSUM: 02622737f89784022dc62466d3d06404bf920b9c

COCOAPODS: 1.1.1
